{
  "nodes": {
    "drv-nixos": {
      "flake": false,
      "locked": {
        "lastModified": 1790247788,
        "narHash": "sha256-gppg6x7O5Wt8MNTo1O17MF4M9DdpBifXJCnDtwLN6Mo=",
        "ref": "master",
        "rev": "1fdffd4dcb00f74ac80399a60fd224d6422655de",
        "revCount": 3288,
        "type": "git",
        "url": "https://git.sr.ht/~maan2003/nixos"
      },
      "original": {
        "ref": "master",
        "type": "git",
        "url": "https://git.sr.ht/~maan2003/nixos"
      }
    },
    "microvm": {
      "inputs": {
        "nixpkgs": [
          "nixpkgs"
        ],
        "spectrum": "spectrum"
      },
      "locked": {
        "lastModified": 1789506833,
        "narHash": "sha256-4L8SOCF84de1irB72Ka9VHcu9wrAJ9Amuey4lU9oh4Y=",
        "owner": "astro",
        "repo": "microvm.nix",
        "rev": "187b0a390ee054028106a674e7b01b1cb940cbba",
        "type": "github"
      },
      "original": {
        "owner": "astro",
        "repo": "microvm.nix",
        "type": "github"
      }
    },
    "nixpkgs": {
      "locked": {
        "lastModified": 1785110946,
        "narHash": "sha256-WWuWxmXKzGZWryswWlijP3Mjp6aGy4Ngmeil5nGMMjk=",
        "owner": "NixOS",
        "repo": "nixpkgs",
        "rev": "d3498f786f97ac0bded21b34bae0bf3809b45aa3",
        "type": "github"
      },
      "original": {
        "owner": "NixOS",
        "ref": "nixpkgs-unstable",
        "repo": "nixpkgs",
        "type": "github"
      }
    },
    "root": {
      "inputs": {
        "drv-nixos": "drv-nixos",
        "microvm": "microvm",
        "nixpkgs": "nixpkgs"
      }
    },
    "spectrum": {
      "flake": false,
      "locked": {
        "lastModified": 1786032750,
        "narHash": "sha256-+Ba/kIn5BjvV7PN8bWOo7RoqgTY/Yv2M7qeMf3wS2Ag=",
        "ref": "refs/heads/main",
        "rev": "77d2389874bb092b8dbf05ecc5b1030372e80e98",
        "revCount": 1417,
        "type": "git",
        "url": "https://spectrum-os.org/git/spectrum"
      },
      "original": {
        "type": "git",
        "url": "https://spectrum-os.org/git/spectrum"
      }
    }
  },
  "root": "root",
  "version": 7
}
